
Microsoft Visual Studio Solution File, Format Version 12.00
# Visual Studio 2012
Project("{2150E333-8FDC-42A3-9474-1A3956D46DE8}") = "Solution Items", "Solution Items", "{8531411A-0137-4E27-9C5E-49E07C245048}"
	ProjectSection(SolutionItems) = preProject
		Local.testsettings = Local.testsettings
		WindowsAzurePowershell.vsmdi = WindowsAzurePowershell.vsmdi
	EndProjectSection
EndProject
Project("{FAE04EC0-301F-11D3-BF4B-00C04F79EFBC}") = "Management", "Management\Management.csproj", "{CD5AA507-F5EF-473D-855B-84B91A1ABE54}"
EndProject
Project("{FAE04EC0-301F-11D3-BF4B-00C04F79EFBC}") = "Management.Test", "Management.Test\Management.Test.csproj", "{B7FD03F6-98BC-4F54-9A14-0455E579FCD4}"
EndProject
Project("{FAE04EC0-301F-11D3-BF4B-00C04F79EFBC}") = "Management.CloudService", "Management.CloudService\Management.CloudService.csproj", "{B6F73AB3-1207-4B52-B90A-065CD5E107EB}"
EndProject
Project("{FAE04EC0-301F-11D3-BF4B-00C04F79EFBC}") = "Management.CloudService.Test", "Management.CloudService.Test\Management.CloudService.Test.csproj", "{C7C619E8-BB9B-43B6-9592-EC7F4ED3B55C}"
EndProject
Project("{FAE04EC0-301F-11D3-BF4B-00C04F79EFBC}") = "Management.SqlDatabase", "Management.SqlDatabase\Management.SqlDatabase.csproj", "{DDF5D225-C9C5-42B7-BDB5-2C3646E479AA}"
EndProject
Project("{FAE04EC0-301F-11D3-BF4B-00C04F79EFBC}") = "Management.SqlDatabase.Test", "Management.SqlDatabase.Test\Management.SqlDatabase.Test.csproj", "{37455286-D8A7-4E0C-8B4D-C517D20C641A}"
EndProject
Project("{FAE04EC0-301F-11D3-BF4B-00C04F79EFBC}") = "Management.Websites", "Management.WebSites\Management.Websites.csproj", "{C8D37385-6D1B-493A-9EEC-88A9FFEB47F6}"
EndProject
Project("{FAE04EC0-301F-11D3-BF4B-00C04F79EFBC}") = "Management.Websites.Test", "Management.WebSites.Test\Management.Websites.Test.csproj", "{2739A2EB-3D61-4CC2-987A-BB0A76F64AEF}"
EndProject
Global
	GlobalSection(TestCaseManagementSettings) = postSolution
		CategoryFile = WindowsAzurePowershell.vsmdi
	EndGlobalSection
	GlobalSection(SolutionConfigurationPlatforms) = preSolution
		Debug|Any CPU = Debug|Any CPU
		Debug|x64 = Debug|x64
		Release|Any CPU = Release|Any CPU
		Release|x64 = Release|x64
		ReleaseSigned|Any CPU = ReleaseSigned|Any CPU
		ReleaseSigned|x64 = ReleaseSigned|x64
	EndGlobalSection
	GlobalSection(ProjectConfigurationPlatforms) = postSolution
		{CD5AA507-F5EF-473D-855B-84B91A1ABE54}.Debug|Any CPU.ActiveCfg = Debug|Any CPU
		{CD5AA507-F5EF-473D-855B-84B91A1ABE54}.Debug|Any CPU.Build.0 = Debug|Any CPU
		{CD5AA507-F5EF-473D-855B-84B91A1ABE54}.Debug|x64.ActiveCfg = Debug|x64
		{CD5AA507-F5EF-473D-855B-84B91A1ABE54}.Debug|x64.Build.0 = Debug|x64
		{CD5AA507-F5EF-473D-855B-84B91A1ABE54}.Release|Any CPU.ActiveCfg = Release|Any CPU
		{CD5AA507-F5EF-473D-855B-84B91A1ABE54}.Release|Any CPU.Build.0 = Release|Any CPU
		{CD5AA507-F5EF-473D-855B-84B91A1ABE54}.Release|x64.ActiveCfg = Release|x64
		{CD5AA507-F5EF-473D-855B-84B91A1ABE54}.Release|x64.Build.0 = Release|x64
		{CD5AA507-F5EF-473D-855B-84B91A1ABE54}.ReleaseSigned|Any CPU.ActiveCfg = ReleaseSigned|Any CPU
		{CD5AA507-F5EF-473D-855B-84B91A1ABE54}.ReleaseSigned|Any CPU.Build.0 = ReleaseSigned|Any CPU
		{CD5AA507-F5EF-473D-855B-84B91A1ABE54}.ReleaseSigned|x64.ActiveCfg = Release|x64
		{CD5AA507-F5EF-473D-855B-84B91A1ABE54}.ReleaseSigned|x64.Build.0 = Release|x64
		{B7FD03F6-98BC-4F54-9A14-0455E579FCD4}.Debug|Any CPU.ActiveCfg = Debug|Any CPU
		{B7FD03F6-98BC-4F54-9A14-0455E579FCD4}.Debug|Any CPU.Build.0 = Debug|Any CPU
		{B7FD03F6-98BC-4F54-9A14-0455E579FCD4}.Debug|x64.ActiveCfg = Debug|Any CPU
		{B7FD03F6-98BC-4F54-9A14-0455E579FCD4}.Release|Any CPU.ActiveCfg = Release|Any CPU
		{B7FD03F6-98BC-4F54-9A14-0455E579FCD4}.Release|Any CPU.Build.0 = Release|Any CPU
		{B7FD03F6-98BC-4F54-9A14-0455E579FCD4}.Release|x64.ActiveCfg = Release|Any CPU
		{B7FD03F6-98BC-4F54-9A14-0455E579FCD4}.ReleaseSigned|Any CPU.ActiveCfg = ReleaseSigned|Any CPU
		{B7FD03F6-98BC-4F54-9A14-0455E579FCD4}.ReleaseSigned|Any CPU.Build.0 = ReleaseSigned|Any CPU
		{B7FD03F6-98BC-4F54-9A14-0455E579FCD4}.ReleaseSigned|x64.ActiveCfg = Release|Any CPU
		{B6F73AB3-1207-4B52-B90A-065CD5E107EB}.Debug|Any CPU.ActiveCfg = Debug|Any CPU
		{B6F73AB3-1207-4B52-B90A-065CD5E107EB}.Debug|Any CPU.Build.0 = Debug|Any CPU
		{B6F73AB3-1207-4B52-B90A-065CD5E107EB}.Debug|x64.ActiveCfg = Debug|x64
		{B6F73AB3-1207-4B52-B90A-065CD5E107EB}.Debug|x64.Build.0 = Debug|x64
		{B6F73AB3-1207-4B52-B90A-065CD5E107EB}.Release|Any CPU.ActiveCfg = Release|Any CPU
		{B6F73AB3-1207-4B52-B90A-065CD5E107EB}.Release|Any CPU.Build.0 = Release|Any CPU
		{B6F73AB3-1207-4B52-B90A-065CD5E107EB}.Release|x64.ActiveCfg = Release|x64
		{B6F73AB3-1207-4B52-B90A-065CD5E107EB}.Release|x64.Build.0 = Release|x64
		{B6F73AB3-1207-4B52-B90A-065CD5E107EB}.ReleaseSigned|Any CPU.ActiveCfg = ReleaseSigned|Any CPU
		{B6F73AB3-1207-4B52-B90A-065CD5E107EB}.ReleaseSigned|Any CPU.Build.0 = ReleaseSigned|Any CPU
		{B6F73AB3-1207-4B52-B90A-065CD5E107EB}.ReleaseSigned|x64.ActiveCfg = ReleaseSigned|x64
		{B6F73AB3-1207-4B52-B90A-065CD5E107EB}.ReleaseSigned|x64.Build.0 = ReleaseSigned|x64
		{C7C619E8-BB9B-43B6-9592-EC7F4ED3B55C}.Debug|Any CPU.ActiveCfg = Debug|Any CPU
		{C7C619E8-BB9B-43B6-9592-EC7F4ED3B55C}.Debug|Any CPU.Build.0 = Debug|Any CPU
		{C7C619E8-BB9B-43B6-9592-EC7F4ED3B55C}.Debug|x64.ActiveCfg = Debug|x64
		{C7C619E8-BB9B-43B6-9592-EC7F4ED3B55C}.Debug|x64.Build.0 = Debug|x64
		{C7C619E8-BB9B-43B6-9592-EC7F4ED3B55C}.Release|Any CPU.ActiveCfg = Release|Any CPU
		{C7C619E8-BB9B-43B6-9592-EC7F4ED3B55C}.Release|Any CPU.Build.0 = Release|Any CPU
		{C7C619E8-BB9B-43B6-9592-EC7F4ED3B55C}.Release|x64.ActiveCfg = Release|x64
		{C7C619E8-BB9B-43B6-9592-EC7F4ED3B55C}.Release|x64.Build.0 = Release|x64
		{C7C619E8-BB9B-43B6-9592-EC7F4ED3B55C}.ReleaseSigned|Any CPU.ActiveCfg = ReleaseSigned|Any CPU
		{C7C619E8-BB9B-43B6-9592-EC7F4ED3B55C}.ReleaseSigned|Any CPU.Build.0 = ReleaseSigned|Any CPU
		{C7C619E8-BB9B-43B6-9592-EC7F4ED3B55C}.ReleaseSigned|x64.ActiveCfg = ReleaseSigned|x64
		{C7C619E8-BB9B-43B6-9592-EC7F4ED3B55C}.ReleaseSigned|x64.Build.0 = ReleaseSigned|x64
		{DDF5D225-C9C5-42B7-BDB5-2C3646E479AA}.Debug|Any CPU.ActiveCfg = Debug|Any CPU
		{DDF5D225-C9C5-42B7-BDB5-2C3646E479AA}.Debug|Any CPU.Build.0 = Debug|Any CPU
		{DDF5D225-C9C5-42B7-BDB5-2C3646E479AA}.Debug|x64.ActiveCfg = Debug|x64
		{DDF5D225-C9C5-42B7-BDB5-2C3646E479AA}.Debug|x64.Build.0 = Debug|x64
		{DDF5D225-C9C5-42B7-BDB5-2C3646E479AA}.Release|Any CPU.ActiveCfg = Release|Any CPU
		{DDF5D225-C9C5-42B7-BDB5-2C3646E479AA}.Release|Any CPU.Build.0 = Release|Any CPU
		{DDF5D225-C9C5-42B7-BDB5-2C3646E479AA}.Release|x64.ActiveCfg = Release|x64
		{DDF5D225-C9C5-42B7-BDB5-2C3646E479AA}.Release|x64.Build.0 = Release|x64
		{DDF5D225-C9C5-42B7-BDB5-2C3646E479AA}.ReleaseSigned|Any CPU.ActiveCfg = ReleaseSigned|Any CPU
		{DDF5D225-C9C5-42B7-BDB5-2C3646E479AA}.ReleaseSigned|Any CPU.Build.0 = ReleaseSigned|Any CPU
		{DDF5D225-C9C5-42B7-BDB5-2C3646E479AA}.ReleaseSigned|x64.ActiveCfg = ReleaseSigned|x64
		{DDF5D225-C9C5-42B7-BDB5-2C3646E479AA}.ReleaseSigned|x64.Build.0 = ReleaseSigned|x64
		{37455286-D8A7-4E0C-8B4D-C517D20C641A}.Debug|Any CPU.ActiveCfg = Debug|Any CPU
		{37455286-D8A7-4E0C-8B4D-C517D20C641A}.Debug|Any CPU.Build.0 = Debug|Any CPU
		{37455286-D8A7-4E0C-8B4D-C517D20C641A}.Debug|x64.ActiveCfg = Debug|x64
		{37455286-D8A7-4E0C-8B4D-C517D20C641A}.Debug|x64.Build.0 = Debug|x64
		{37455286-D8A7-4E0C-8B4D-C517D20C641A}.Release|Any CPU.ActiveCfg = Release|Any CPU
		{37455286-D8A7-4E0C-8B4D-C517D20C641A}.Release|Any CPU.Build.0 = Release|Any CPU
		{37455286-D8A7-4E0C-8B4D-C517D20C641A}.Release|x64.ActiveCfg = Release|x64
		{37455286-D8A7-4E0C-8B4D-C517D20C641A}.Release|x64.Build.0 = Release|x64
		{37455286-D8A7-4E0C-8B4D-C517D20C641A}.ReleaseSigned|Any CPU.ActiveCfg = ReleaseSigned|Any CPU
		{37455286-D8A7-4E0C-8B4D-C517D20C641A}.ReleaseSigned|Any CPU.Build.0 = ReleaseSigned|Any CPU
		{37455286-D8A7-4E0C-8B4D-C517D20C641A}.ReleaseSigned|x64.ActiveCfg = ReleaseSigned|x64
		{37455286-D8A7-4E0C-8B4D-C517D20C641A}.ReleaseSigned|x64.Build.0 = ReleaseSigned|x64
		{C8D37385-6D1B-493A-9EEC-88A9FFEB47F6}.Debug|Any CPU.ActiveCfg = Debug|Any CPU
		{C8D37385-6D1B-493A-9EEC-88A9FFEB47F6}.Debug|Any CPU.Build.0 = Debug|Any CPU
		{C8D37385-6D1B-493A-9EEC-88A9FFEB47F6}.Debug|x64.ActiveCfg = Debug|x64
		{C8D37385-6D1B-493A-9EEC-88A9FFEB47F6}.Debug|x64.Build.0 = Debug|x64
		{C8D37385-6D1B-493A-9EEC-88A9FFEB47F6}.Release|Any CPU.ActiveCfg = Release|Any CPU
		{C8D37385-6D1B-493A-9EEC-88A9FFEB47F6}.Release|Any CPU.Build.0 = Release|Any CPU
		{C8D37385-6D1B-493A-9EEC-88A9FFEB47F6}.Release|x64.ActiveCfg = Release|x64
		{C8D37385-6D1B-493A-9EEC-88A9FFEB47F6}.Release|x64.Build.0 = Release|x64
		{C8D37385-6D1B-493A-9EEC-88A9FFEB47F6}.ReleaseSigned|Any CPU.ActiveCfg = ReleaseSigned|Any CPU
		{C8D37385-6D1B-493A-9EEC-88A9FFEB47F6}.ReleaseSigned|Any CPU.Build.0 = ReleaseSigned|Any CPU
		{C8D37385-6D1B-493A-9EEC-88A9FFEB47F6}.ReleaseSigned|x64.ActiveCfg = ReleaseSigned|x64
		{C8D37385-6D1B-493A-9EEC-88A9FFEB47F6}.ReleaseSigned|x64.Build.0 = ReleaseSigned|x64
		{2739A2EB-3D61-4CC2-987A-BB0A76F64AEF}.Debug|Any CPU.ActiveCfg = Debug|Any CPU
		{2739A2EB-3D61-4CC2-987A-BB0A76F64AEF}.Debug|Any CPU.Build.0 = Debug|Any CPU
		{2739A2EB-3D61-4CC2-987A-BB0A76F64AEF}.Debug|x64.ActiveCfg = Debug|x64
		{2739A2EB-3D61-4CC2-987A-BB0A76F64AEF}.Debug|x64.Build.0 = Debug|x64
		{2739A2EB-3D61-4CC2-987A-BB0A76F64AEF}.Release|Any CPU.ActiveCfg = Release|Any CPU
		{2739A2EB-3D61-4CC2-987A-BB0A76F64AEF}.Release|Any CPU.Build.0 = Release|Any CPU
		{2739A2EB-3D61-4CC2-987A-BB0A76F64AEF}.Release|x64.ActiveCfg = Release|x64
		{2739A2EB-3D61-4CC2-987A-BB0A76F64AEF}.Release|x64.Build.0 = Release|x64
		{2739A2EB-3D61-4CC2-987A-BB0A76F64AEF}.ReleaseSigned|Any CPU.ActiveCfg = ReleaseSigned|Any CPU
		{2739A2EB-3D61-4CC2-987A-BB0A76F64AEF}.ReleaseSigned|Any CPU.Build.0 = ReleaseSigned|Any CPU
		{2739A2EB-3D61-4CC2-987A-BB0A76F64AEF}.ReleaseSigned|x64.ActiveCfg = ReleaseSigned|x64
		{2739A2EB-3D61-4CC2-987A-BB0A76F64AEF}.ReleaseSigned|x64.Build.0 = ReleaseSigned|x64
	EndGlobalSection
	GlobalSection(SolutionProperties) = preSolution
		HideSolutionNode = FALSE
	EndGlobalSection
EndGlobal
